# THIS IS AN AUTOGENERATED FILE. DO NOT EDIT THIS FILE DIRECTLY.
# yarn lockfile v1


nan@^2.11.0:
  version "2.12.1"
  resolved "https://registry.yarnpkg.com/nan/-/nan-2.12.1.tgz#7b1aa193e9aa86057e3c7bbd0ac448e770925552"
  integrity sha512-JY7V6lRkStKcKTvHO5NVSQRv+RV+FIL5pvDoLiAtSL9pKlC5x9PKQcZDsq7m4FO4d57mkhC6Z+QhAh3Jdk5JFw==

"video-decoder@file:.":
  version "1.0.0"
  dependencies:
    nan "^2.11.0"
    video-decoder "file:../../../AppData/Local/Yarn/Cache/v4/npm-video-decoder-1.0.0-c9e24549-ee4c-4d48-a43c-1c598be52ac2-1549448686013/node_modules/video-decoder"
